// !$*UTF8*$!
{
	archiveVersion = 1;
	classes = {
	};
	objectVersion = 56;
	objects = {

/* Begin PBXBuildFile section */
		0EB1B9192C219E9400B1D046 /* AppDelegate.swift in Sources */ = {isa = PBXBuildFile; fileRef = 0EB1B9182C219E9400B1D046 /* AppDelegate.swift */; };
		0EB1B91B2C219E9400B1D046 /* SceneDelegate.swift in Sources */ = {isa = PBXBuildFile; fileRef = 0EB1B91A2C219E9400B1D046 /* SceneDelegate.swift */; };
		0EB1B91D2C219E9400B1D046 /* HomeViewController.swift in Sources */ = {isa = PBXBuildFile; fileRef = 0EB1B91C2C219E9400B1D046 /* HomeViewController.swift */; };
		0EB1B9202C219E9400B1D046 /* Main.storyboard in Resources */ = {isa = PBXBuildFile; fileRef = 0EB1B91E2C219E9400B1D046 /* Main.storyboard */; };
		0EB1B9222C219E9500B1D046 /* Assets.xcassets in Resources */ = {isa = PBXBuildFile; fileRef = 0EB1B9212C219E9500B1D046 /* Assets.xcassets */; };
		0EB1B9252C219E9500B1D046 /* LaunchScreen.storyboard in Resources */ = {isa = PBXBuildFile; fileRef = 0EB1B9232C219E9500B1D046 /* LaunchScreen.storyboard */; };
		0EB1B92F2C21C7CC00B1D046 /* Applications.plist in Resources */ = {isa = PBXBuildFile; fileRef = 0EB1B92E2C21C7CC00B1D046 /* Applications.plist */; };
		0EB1B9322C21C7FB00B1D046 /* AppCollectionViewCell.swift in Sources */ = {isa = PBXBuildFile; fileRef = 0EB1B9302C21C7FB00B1D046 /* AppCollectionViewCell.swift */; };
		0EB1B9332C21C7FB00B1D046 /* AppCollectionViewCell.xib in Resources */ = {isa = PBXBuildFile; fileRef = 0EB1B9312C21C7FB00B1D046 /* AppCollectionViewCell.xib */; };
		0EB1B9352C21CBC600B1D046 /* AppDataModel.swift in Sources */ = {isa = PBXBuildFile; fileRef = 0EB1B9342C21CBC600B1D046 /* AppDataModel.swift */; };
		0EB1B93B2C21D04800B1D046 /* Decoder.swift in Sources */ = {isa = PBXBuildFile; fileRef = 0EB1B93A2C21D04800B1D046 /* Decoder.swift */; };
		0EB1B93D2C22B60700B1D046 /* HomeViewModel.swift in Sources */ = {isa = PBXBuildFile; fileRef = 0EB1B93C2C22B60700B1D046 /* HomeViewModel.swift */; };
		0EB1B93F2C22D43800B1D046 /* ThirdPartyWrapper.swift in Sources */ = {isa = PBXBuildFile; fileRef = 0EB1B93E2C22D43800B1D046 /* ThirdPartyWrapper.swift */; };
		0EB1B9412C231B8E00B1D046 /* AppSectionHeaderView.swift in Sources */ = {isa = PBXBuildFile; fileRef = 0EB1B9402C231B8E00B1D046 /* AppSectionHeaderView.swift */; };
		0EB1B9442C23265700B1D046 /* UIView+Ext.swift in Sources */ = {isa = PBXBuildFile; fileRef = 0EB1B9432C23265700B1D046 /* UIView+Ext.swift */; };
		0EB1B9462C232B3A00B1D046 /* DetailViewController.swift in Sources */ = {isa = PBXBuildFile; fileRef = 0EB1B9452C232B3A00B1D046 /* DetailViewController.swift */; };
		0EB1B94B2C234C4E00B1D046 /* BannerCell.swift in Sources */ = {isa = PBXBuildFile; fileRef = 0EB1B9492C234C4E00B1D046 /* BannerCell.swift */; };
		0EB1B94C2C234C4E00B1D046 /* BannerCell.xib in Resources */ = {isa = PBXBuildFile; fileRef = 0EB1B94A2C234C4E00B1D046 /* BannerCell.xib */; };
		0EB1B94F2C234CA100B1D046 /* DetailInfoCell.swift in Sources */ = {isa = PBXBuildFile; fileRef = 0EB1B94D2C234CA100B1D046 /* DetailInfoCell.swift */; };
		0EB1B9502C234CA100B1D046 /* DetailInfoCell.xib in Resources */ = {isa = PBXBuildFile; fileRef = 0EB1B94E2C234CA100B1D046 /* DetailInfoCell.xib */; };
		0EB1B9532C234CC500B1D046 /* VersionCell.swift in Sources */ = {isa = PBXBuildFile; fileRef = 0EB1B9512C234CC500B1D046 /* VersionCell.swift */; };
		0EB1B9542C234CC500B1D046 /* VersionCell.xib in Resources */ = {isa = PBXBuildFile; fileRef = 0EB1B9522C234CC500B1D046 /* VersionCell.xib */; };
		0EB1B9562C234CE000B1D046 /* PreViewCell.swift in Sources */ = {isa = PBXBuildFile; fileRef = 0EB1B9552C234CE000B1D046 /* PreViewCell.swift */; };
		0ED09E442C46B4B800FE16C1 /* AppSectionFooterView.swift in Sources */ = {isa = PBXBuildFile; fileRef = 0ED09E432C46B4B800FE16C1 /* AppSectionFooterView.swift */; };
		0EE8D2C12C3520ED000F9D90 /* DetailViewModel.swift in Sources */ = {isa = PBXBuildFile; fileRef = 0EE8D2C02C3520ED000F9D90 /* DetailViewModel.swift */; };
		0EE8D2C32C357FA6000F9D90 /* DetailModel.swift in Sources */ = {isa = PBXBuildFile; fileRef = 0EE8D2C22C357FA6000F9D90 /* DetailModel.swift */; };
		3CB694E94C6DFB2B3617FFAB /* Pods_MockAppStore.framework in Frameworks */ = {isa = PBXBuildFile; fileRef = 730E4A5D2CB4E7A780CF1C76 /* Pods_MockAppStore.framework */; };
/* End PBXBuildFile section */

/* Begin PBXFileReference section */
		0EB1B9152C219E9400B1D046 /* MockAppStore.app */ = {isa = PBXFileReference; explicitFileType = wrapper.application; includeInIndex = 0; path = MockAppStore.app; sourceTree = BUILT_PRODUCTS_DIR; };
		0EB1B9182C219E9400B1D046 /* AppDelegate.swift */ = {isa = PBXFileReference; lastKnownFileType = sourcecode.swift; path = AppDelegate.swift; sourceTree = "<group>"; };
		0EB1B91A2C219E9400B1D046 /* SceneDelegate.swift */ = {isa = PBXFileReference; lastKnownFileType = sourcecode.swift; path = SceneDelegate.swift; sourceTree = "<group>"; };
		0EB1B91C2C219E9400B1D046 /* HomeViewController.swift */ = {isa = PBXFileReference; lastKnownFileType = sourcecode.swift; path = HomeViewController.swift; sourceTree = "<group>"; };
		0EB1B91F2C219E9400B1D046 /* Base */ = {isa = PBXFileReference; lastKnownFileType = file.storyboard; name = Base; path = Base.lproj/Main.storyboard; sourceTree = "<group>"; };
		0EB1B9212C219E9500B1D046 /* Assets.xcassets */ = {isa = PBXFileReference; lastKnownFileType = folder.assetcatalog; path = Assets.xcassets; sourceTree = "<group>"; };
		0EB1B9242C219E9500B1D046 /* Base */ = {isa = PBXFileReference; lastKnownFileType = file.storyboard; name = Base; path = Base.lproj/LaunchScreen.storyboard; sourceTree = "<group>"; };
		0EB1B9262C219E9500B1D046 /* Info.plist */ = {isa = PBXFileReference; lastKnownFileType = text.plist.xml; path = Info.plist; sourceTree = "<group>"; };
		0EB1B92E2C21C7CC00B1D046 /* Applications.plist */ = {isa = PBXFileReference; fileEncoding = 4; lastKnownFileType = text.plist.xml; path = Applications.plist; sourceTree = "<group>"; };
		0EB1B9302C21C7FB00B1D046 /* AppCollectionViewCell.swift */ = {isa = PBXFileReference; lastKnownFileType = sourcecode.swift; path = AppCollectionViewCell.swift; sourceTree = "<group>"; };
		0EB1B9312C21C7FB00B1D046 /* AppCollectionViewCell.xib */ = {isa = PBXFileReference; lastKnownFileType = file.xib; path = AppCollectionViewCell.xib; sourceTree = "<group>"; };
		0EB1B9342C21CBC600B1D046 /* AppDataModel.swift */ = {isa = PBXFileReference; lastKnownFileType = sourcecode.swift; path = AppDataModel.swift; sourceTree = "<group>"; };
		0EB1B93A2C21D04800B1D046 /* Decoder.swift */ = {isa = PBXFileReference; lastKnownFileType = sourcecode.swift; path = Decoder.swift; sourceTree = "<group>"; };
		0EB1B93C2C22B60700B1D046 /* HomeViewModel.swift */ = {isa = PBXFileReference; lastKnownFileType = sourcecode.swift; path = HomeViewModel.swift; sourceTree = "<group>"; };
		0EB1B93E2C22D43800B1D046 /* ThirdPartyWrapper.swift */ = {isa = PBXFileReference; lastKnownFileType = sourcecode.swift; path = ThirdPartyWrapper.swift; sourceTree = "<group>"; };
		0EB1B9402C231B8E00B1D046 /* AppSectionHeaderView.swift */ = {isa = PBXFileReference; lastKnownFileType = sourcecode.swift; path = AppSectionHeaderView.swift; sourceTree = "<group>"; };
		0EB1B9432C23265700B1D046 /* UIView+Ext.swift */ = {isa = PBXFileReference; lastKnownFileType = sourcecode.swift; path = "UIView+Ext.swift"; sourceTree = "<group>"; };
		0EB1B9452C232B3A00B1D046 /* DetailViewController.swift */ = {isa = PBXFileReference; lastKnownFileType = sourcecode.swift; path = DetailViewController.swift; sourceTree = "<group>"; };
		0EB1B9492C234C4E00B1D046 /* BannerCell.swift */ = {isa = PBXFileReference; lastKnownFileType = sourcecode.swift; path = BannerCell.swift; sourceTree = "<group>"; };
		0EB1B94A2C234C4E00B1D046 /* BannerCell.xib */ = {isa = PBXFileReference; lastKnownFileType = file.xib; path = BannerCell.xib; sourceTree = "<group>"; };
		0EB1B94D2C234CA100B1D046 /* DetailInfoCell.swift */ = {isa = PBXFileReference; lastKnownFileType = sourcecode.swift; path = DetailInfoCell.swift; sourceTree = "<group>"; };
		0EB1B94E2C234CA100B1D046 /* DetailInfoCell.xib */ = {isa = PBXFileReference; lastKnownFileType = file.xib; path = DetailInfoCell.xib; sourceTree = "<group>"; };
		0EB1B9512C234CC500B1D046 /* VersionCell.swift */ = {isa = PBXFileReference; lastKnownFileType = sourcecode.swift; path = VersionCell.swift; sourceTree = "<group>"; };
		0EB1B9522C234CC500B1D046 /* VersionCell.xib */ = {isa = PBXFileReference; lastKnownFileType = file.xib; path = VersionCell.xib; sourceTree = "<group>"; };
		0EB1B9552C234CE000B1D046 /* PreViewCell.swift */ = {isa = PBXFileReference; lastKnownFileType = sourcecode.swift; path = PreViewCell.swift; sourceTree = "<group>"; };
		0ED09E432C46B4B800FE16C1 /* AppSectionFooterView.swift */ = {isa = PBXFileReference; lastKnownFileType = sourcecode.swift; path = AppSectionFooterView.swift; sourceTree = "<group>"; };
		0EE8D2C02C3520ED000F9D90 /* DetailViewModel.swift */ = {isa = PBXFileReference; lastKnownFileType = sourcecode.swift; path = DetailViewModel.swift; sourceTree = "<group>"; };
		0EE8D2C22C357FA6000F9D90 /* DetailModel.swift */ = {isa = PBXFileReference; lastKnownFileType = sourcecode.swift; path = DetailModel.swift; sourceTree = "<group>"; };
		47AFA0499D23063577914180 /* Pods-MockAppStore.release.xcconfig */ = {isa = PBXFileReference; includeInIndex = 1; lastKnownFileType = text.xcconfig; name = "Pods-MockAppStore.release.xcconfig"; path = "Target Support Files/Pods-MockAppStore/Pods-MockAppStore.release.xcconfig"; sourceTree = "<group>"; };
		730E4A5D2CB4E7A780CF1C76 /* Pods_MockAppStore.framework */ = {isa = PBXFileReference; explicitFileType = wrapper.framework; includeInIndex = 0; path = Pods_MockAppStore.framework; sourceTree = BUILT_PRODUCTS_DIR; };
		A17D50CB73CA0526F4542738 /* Pods-MockAppStore.debug.xcconfig */ = {isa = PBXFileReference; includeInIndex = 1; lastKnownFileType = text.xcconfig; name = "Pods-MockAppStore.debug.xcconfig"; path = "Target Support Files/Pods-MockAppStore/Pods-MockAppStore.debug.xcconfig"; sourceTree = "<group>"; };
/* End PBXFileReference section */

/* Begin PBXFrameworksBuildPhase section */
		0EB1B9122C219E9400B1D046 /* Frameworks */ = {
			isa = PBXFrameworksBuildPhase;
			buildActionMask = 2147483647;
			files = (
				3CB694E94C6DFB2B3617FFAB /* Pods_MockAppStore.framework in Frameworks */,
			);
			runOnlyForDeploymentPostprocessing = 0;
		};
/* End PBXFrameworksBuildPhase section */

/* Begin PBXGroup section */
		0EB1B90C2C219E9400B1D046 = {
			isa = PBXGroup;
			children = (
				0EB1B9172C219E9400B1D046 /* MockAppStore */,
				0EB1B9162C219E9400B1D046 /* Products */,
				31F8BD147AEC7B2970992703 /* Pods */,
				E143A995F6393D57DFB1D901 /* Frameworks */,
			);
			sourceTree = "<group>";
		};
		0EB1B9162C219E9400B1D046 /* Products */ = {
			isa = PBXGroup;
			children = (
				0EB1B9152C219E9400B1D046 /* MockAppStore.app */,
			);
			name = Products;
			sourceTree = "<group>";
		};
		0EB1B9172C219E9400B1D046 /* MockAppStore */ = {
			isa = PBXGroup;
			children = (
				0EB1B9182C219E9400B1D046 /* AppDelegate.swift */,
				0EB1B91A2C219E9400B1D046 /* SceneDelegate.swift */,
				0EB1B9392C21D03B00B1D046 /* Helper */,
				0EB1B9382C21D02E00B1D046 /* ViewModel */,
				0EB1B9362C21CFF300B1D046 /* View */,
				0EB1B9372C21D01200B1D046 /* Model */,
				0EB1B9422C23263C00B1D046 /* Extension */,
				0EB1B91E2C219E9400B1D046 /* Main.storyboard */,
				0EB1B9212C219E9500B1D046 /* Assets.xcassets */,
				0EB1B9232C219E9500B1D046 /* LaunchScreen.storyboard */,
				0EB1B9262C219E9500B1D046 /* Info.plist */,
				0EB1B92E2C21C7CC00B1D046 /* Applications.plist */,
			);
			path = MockAppStore;
			sourceTree = "<group>";
		};
		0EB1B9362C21CFF300B1D046 /* View */ = {
			isa = PBXGroup;
			children = (
				0EB1B9472C232B4100B1D046 /* HomePage */,
				0EB1B9482C232B5700B1D046 /* DetailPage */,
			);
			path = View;
			sourceTree = "<group>";
		};
		0EB1B9372C21D01200B1D046 /* Model */ = {
			isa = PBXGroup;
			children = (
				0EB1B9342C21CBC600B1D046 /* AppDataModel.swift */,
				0EE8D2C22C357FA6000F9D90 /* DetailModel.swift */,
			);
			path = Model;
			sourceTree = "<group>";
		};
		0EB1B9382C21D02E00B1D046 /* ViewModel */ = {
			isa = PBXGroup;
			children = (
				0EB1B93C2C22B60700B1D046 /* HomeViewModel.swift */,
				0EE8D2C02C3520ED000F9D90 /* DetailViewModel.swift */,
			);
			path = ViewModel;
			sourceTree = "<group>";
		};
		0EB1B9392C21D03B00B1D046 /* Helper */ = {
			isa = PBXGroup;
			children = (
				0EB1B93E2C22D43800B1D046 /* ThirdPartyWrapper.swift */,
				0EB1B93A2C21D04800B1D046 /* Decoder.swift */,
			);
			path = Helper;
			sourceTree = "<group>";
		};
		0EB1B9422C23263C00B1D046 /* Extension */ = {
			isa = PBXGroup;
			children = (
				0EB1B9432C23265700B1D046 /* UIView+Ext.swift */,
			);
			path = Extension;
			sourceTree = "<group>";
		};
		0EB1B9472C232B4100B1D046 /* HomePage */ = {
			isa = PBXGroup;
			children = (
				0EB1B91C2C219E9400B1D046 /* HomeViewController.swift */,
				0EB1B9302C21C7FB00B1D046 /* AppCollectionViewCell.swift */,
				0EB1B9312C21C7FB00B1D046 /* AppCollectionViewCell.xib */,
				0EB1B9402C231B8E00B1D046 /* AppSectionHeaderView.swift */,
			);
			path = HomePage;
			sourceTree = "<group>";
		};
		0EB1B9482C232B5700B1D046 /* DetailPage */ = {
			isa = PBXGroup;
			children = (
				0EB1B9452C232B3A00B1D046 /* DetailViewController.swift */,
				0EB1B9492C234C4E00B1D046 /* BannerCell.swift */,
				0EB1B94D2C234CA100B1D046 /* DetailInfoCell.swift */,
				0EB1B9512C234CC500B1D046 /* VersionCell.swift */,
				0EB1B9552C234CE000B1D046 /* PreViewCell.swift */,
				0EB1B94A2C234C4E00B1D046 /* BannerCell.xib */,
				0EB1B94E2C234CA100B1D046 /* DetailInfoCell.xib */,
				0EB1B9522C234CC500B1D046 /* VersionCell.xib */,
				0ED09E432C46B4B800FE16C1 /* AppSectionFooterView.swift */,
			);
			path = DetailPage;
			sourceTree = "<group>";
		};
		31F8BD147AEC7B2970992703 /* Pods */ = {
			isa = PBXGroup;
			children = (
				A17D50CB73CA0526F4542738 /* Pods-MockAppStore.debug.xcconfig */,
				47AFA0499D23063577914180 /* Pods-MockAppStore.release.xcconfig */,
			);
			path = Pods;
			sourceTree = "<group>";
		};
		E143A995F6393D57DFB1D901 /* Frameworks */ = {
			isa = PBXGroup;
			children = (
				730E4A5D2CB4E7A780CF1C76 /* Pods_MockAppStore.framework */,
			);
			name = Frameworks;
			sourceTree = "<group>";
		};
/* End PBXGroup section */

/* Begin PBXNativeTarget section */
		0EB1B9142C219E9400B1D046 /* MockAppStore */ = {
			isa = PBXNativeTarget;
			buildConfigurationList = 0EB1B9292C219E9500B1D046 /* Build configuration list for PBXNativeTarget "MockAppStore" */;
			buildPhases = (
				F63F999250B94AC7BA0F6C77 /* [CP] Check Pods Manifest.lock */,
				0EB1B9112C219E9400B1D046 /* Sources */,
				0EB1B9122C219E9400B1D046 /* Frameworks */,
				0EB1B9132C219E9400B1D046 /* Resources */,
				E786087F9DBB0E00A1EF139A /* [CP] Embed Pods Frameworks */,
			);
			buildRules = (
			);
			dependencies = (
			);
			name = MockAppStore;
			productName = MockAppStore;
			productReference = 0EB1B9152C219E9400B1D046 /* MockAppStore.app */;
			productType = "com.apple.product-type.application";
		};
/* End PBXNativeTarget section */

/* Begin PBXProject section */
		0EB1B90D2C219E9400B1D046 /* Project object */ = {
			isa = PBXProject;
			attributes = {
				BuildIndependentTargetsInParallel = 1;
				LastSwiftUpdateCheck = 1510;
				LastUpgradeCheck = 1510;
				TargetAttributes = {
					0EB1B9142C219E9400B1D046 = {
						CreatedOnToolsVersion = 15.1;
					};
				};
			};
			buildConfigurationList = 0EB1B9102C219E9400B1D046 /* Build configuration list for PBXProject "MockAppStore" */;
			compatibilityVersion = "Xcode 14.0";
			developmentRegion = en;
			hasScannedForEncodings = 0;
			knownRegions = (
				en,
				Base,
			);
			mainGroup = 0EB1B90C2C219E9400B1D046;
			productRefGroup = 0EB1B9162C219E9400B1D046 /* Products */;
			projectDirPath = "";
			projectRoot = "";
			targets = (
				0EB1B9142C219E9400B1D046 /* MockAppStore */,
			);
		};
/* End PBXProject section */

/* Begin PBXResourcesBuildPhase section */
		0EB1B9132C219E9400B1D046 /* Resources */ = {
			isa = PBXResourcesBuildPhase;
			buildActionMask = 2147483647;
			files = (
				0EB1B9252C219E9500B1D046 /* LaunchScreen.storyboard in Resources */,
				0EB1B94C2C234C4E00B1D046 /* BannerCell.xib in Resources */,
				0EB1B9222C219E9500B1D046 /* Assets.xcassets in Resources */,
				0EB1B9202C219E9400B1D046 /* Main.storyboard in Resources */,
				0EB1B9502C234CA100B1D046 /* DetailInfoCell.xib in Resources */,
				0EB1B92F2C21C7CC00B1D046 /* Applications.plist in Resources */,
				0EB1B9542C234CC500B1D046 /* VersionCell.xib in Resources */,
				0EB1B9332C21C7FB00B1D046 /* AppCollectionViewCell.xib in Resources */,
			);
			runOnlyForDeploymentPostprocessing = 0;
		};
/* End PBXResourcesBuildPhase section */

/* Begin PBXShellScriptBuildPhase section */
		E786087F9DBB0E00A1EF139A /* [CP] Embed Pods Frameworks */ = {
			isa = PBXShellScriptBuildPhase;
			buildActionMask = 2147483647;
			files = (
			);
			inputFileListPaths = (
				"${PODS_ROOT}/Target Support Files/Pods-MockAppStore/Pods-MockAppStore-frameworks-${CONFIGURATION}-input-files.xcfilelist",
			);
			name = "[CP] Embed Pods Frameworks";
			outputFileListPaths = (
				"${PODS_ROOT}/Target Support Files/Pods-MockAppStore/Pods-MockAppStore-frameworks-${CONFIGURATION}-output-files.xcfilelist",
			);
			runOnlyForDeploymentPostprocessing = 0;
			shellPath = /bin/sh;
			shellScript = "\"${PODS_ROOT}/Target Support Files/Pods-MockAppStore/Pods-MockAppStore-frameworks.sh\"\n";
			showEnvVarsInLog = 0;
		};
		F63F999250B94AC7BA0F6C77 /* [CP] Check Pods Manifest.lock */ = {
			isa = PBXShellScriptBuildPhase;
			buildActionMask = 2147483647;
			files = (
			);
			inputFileListPaths = (
			);
			inputPaths = (
				"${PODS_PODFILE_DIR_PATH}/Podfile.lock",
				"${PODS_ROOT}/Manifest.lock",
			);
			name = "[CP] Check Pods Manifest.lock";
			outputFileListPaths = (
			);
			outputPaths = (
				"$(DERIVED_FILE_DIR)/Pods-MockAppStore-checkManifestLockResult.txt",
			);
			runOnlyForDeploymentPostprocessing = 0;
			shellPath = /bin/sh;
			shellScript = "diff \"${PODS_PODFILE_DIR_PATH}/Podfile.lock\" \"${PODS_ROOT}/Manifest.lock\" > /dev/null\nif [ $? != 0 ] ; then\n    # print error to STDERR\n    echo \"error: The sandbox is not in sync with the Podfile.lock. Run 'pod install' or update your CocoaPods installation.\" >&2\n    exit 1\nfi\n# This output is used by Xcode 'outputs' to avoid re-running this script phase.\necho \"SUCCESS\" > \"${SCRIPT_OUTPUT_FILE_0}\"\n";
			showEnvVarsInLog = 0;
		};
/* End PBXShellScriptBuildPhase section */

/* Begin PBXSourcesBuildPhase section */
		0EB1B9112C219E9400B1D046 /* Sources */ = {
			isa = PBXSourcesBuildPhase;
			buildActionMask = 2147483647;
			files = (
				0EB1B9462C232B3A00B1D046 /* DetailViewController.swift in Sources */,
				0EB1B91D2C219E9400B1D046 /* HomeViewController.swift in Sources */,
				0EB1B9562C234CE000B1D046 /* PreViewCell.swift in Sources */,
				0EB1B9442C23265700B1D046 /* UIView+Ext.swift in Sources */,
				0EB1B93B2C21D04800B1D046 /* Decoder.swift in Sources */,
				0EB1B93D2C22B60700B1D046 /* HomeViewModel.swift in Sources */,
				0EB1B94B2C234C4E00B1D046 /* BannerCell.swift in Sources */,
				0EB1B94F2C234CA100B1D046 /* DetailInfoCell.swift in Sources */,
				0EB1B9192C219E9400B1D046 /* AppDelegate.swift in Sources */,
				0EB1B9322C21C7FB00B1D046 /* AppCollectionViewCell.swift in Sources */,
				0EB1B91B2C219E9400B1D046 /* SceneDelegate.swift in Sources */,
				0EB1B9412C231B8E00B1D046 /* AppSectionHeaderView.swift in Sources */,
				0EB1B93F2C22D43800B1D046 /* ThirdPartyWrapper.swift in Sources */,
				0ED09E442C46B4B800FE16C1 /* AppSectionFooterView.swift in Sources */,
				0EB1B9532C234CC500B1D046 /* VersionCell.swift in Sources */,
				0EE8D2C32C357FA6000F9D90 /* DetailModel.swift in Sources */,
				0EB1B9352C21CBC600B1D046 /* AppDataModel.swift in Sources */,
				0EE8D2C12C3520ED000F9D90 /* DetailViewModel.swift in Sources */,
			);
			runOnlyForDeploymentPostprocessing = 0;
		};
/* End PBXSourcesBuildPhase section */

/* Begin PBXVariantGroup section */
		0EB1B91E2C219E9400B1D046 /* Main.storyboard */ = {
			isa = PBXVariantGroup;
			children = (
				0EB1B91F2C219E9400B1D046 /* Base */,
			);
			name = Main.storyboard;
			sourceTree = "<group>";
		};
		0EB1B9232C219E9500B1D046 /* LaunchScreen.storyboard */ = {
			isa = PBXVariantGroup;
			children = (
				0EB1B9242C219E9500B1D046 /* Base */,
			);
			name = LaunchScreen.storyboard;
			sourceTree = "<group>";
		};
/* End PBXVariantGroup section */

/* Begin XCBuildConfiguration section */
		0EB1B9272C219E9500B1D046 /* Debug */ = {
			isa = XCBuildConfiguration;
			buildSettings = {
				ALWAYS_SEARCH_USER_PATHS = NO;
				ASSETCATALOG_COMPILER_GENERATE_SWIFT_ASSET_SYMBOL_EXTENSIONS = YES;
				CLANG_ANALYZER_NONNULL = YES;
				CLANG_ANALYZER_NUMBER_OBJECT_CONVERSION = YES_AGGRESSIVE;
				CLANG_CXX_LANGUAGE_STANDARD = "gnu++20";
				CLANG_ENABLE_MODULES = YES;
				CLANG_ENABLE_OBJC_ARC = YES;
				CLANG_ENABLE_OBJC_WEAK = YES;
				CLANG_WARN_BLOCK_CAPTURE_AUTORELEASING = YES;
				CLANG_WARN_BOOL_CONVERSION = YES;
				CLANG_WARN_COMMA = YES;
				CLANG_WARN_CONSTANT_CONVERSION = YES;
				CLANG_WARN_DEPRECATED_OBJC_IMPLEMENTATIONS = YES;
				CLANG_WARN_DIRECT_OBJC_ISA_USAGE = YES_ERROR;
				CLANG_WARN_DOCUMENTATION_COMMENTS = YES;
				CLANG_WARN_EMPTY_BODY = YES;
				CLANG_WARN_ENUM_CONVERSION = YES;
				CLANG_WARN_INFINITE_RECURSION = YES;
				CLANG_WARN_INT_CONVERSION = YES;
				CLANG_WARN_NON_LITERAL_NULL_CONVERSION = YES;
				CLANG_WARN_OBJC_IMPLICIT_RETAIN_SELF = YES;
				CLANG_WARN_OBJC_LITERAL_CONVERSION = YES;
				CLANG_WARN_OBJC_ROOT_CLASS = YES_ERROR;
				CLANG_WARN_QUOTED_INCLUDE_IN_FRAMEWORK_HEADER = YES;
				CLANG_WARN_RANGE_LOOP_ANALYSIS = YES;
				CLANG_WARN_STRICT_PROTOTYPES = YES;
				CLANG_WARN_SUSPICIOUS_MOVE = YES;
				CLANG_WARN_UNGUARDED_AVAILABILITY = YES_AGGRESSIVE;
				CLANG_WARN_UNREACHABLE_CODE = YES;
				CLANG_WARN__DUPLICATE_METHOD_MATCH = YES;
				COPY_PHASE_STRIP = NO;
				DEBUG_INFORMATION_FORMAT = dwarf;
				ENABLE_STRICT_OBJC_MSGSEND = YES;
				ENABLE_TESTABILITY = YES;
				ENABLE_USER_SCRIPT_SANDBOXING = NO;
				GCC_C_LANGUAGE_STANDARD = gnu17;
				GCC_DYNAMIC_NO_PIC = NO;
				GCC_NO_COMMON_BLOCKS = YES;
				GCC_OPTIMIZATION_LEVEL = 0;
				GCC_PREPROCESSOR_DEFINITIONS = (
					"DEBUG=1",
					"$(inherited)",
				);
				GCC_WARN_64_TO_32_BIT_CONVERSION = YES;
				GCC_WARN_ABOUT_RETURN_TYPE = YES_ERROR;
				GCC_WARN_UNDECLARED_SELECTOR = YES;
				GCC_WARN_UNINITIALIZED_AUTOS = YES_AGGRESSIVE;
				GCC_WARN_UNUSED_FUNCTION = YES;
				GCC_WARN_UNUSED_VARIABLE = YES;
				IPHONEOS_DEPLOYMENT_TARGET = 17.2;
				LOCALIZATION_PREFERS_STRING_CATALOGS = YES;
				MTL_ENABLE_DEBUG_INFO = INCLUDE_SOURCE;
				MTL_FAST_MATH = YES;
				ONLY_ACTIVE_ARCH = YES;
				SDKROOT = iphoneos;
				SWIFT_ACTIVE_COMPILATION_CONDITIONS = "DEBUG $(inherited)";
				SWIFT_OPTIMIZATION_LEVEL = "-Onone";
			};
			name = Debug;
		};
		0EB1B9282C219E9500B1D046 /* Release */ = {
			isa = XCBuildConfiguration;
			buildSettings = {
				ALWAYS_SEARCH_USER_PATHS = NO;
				ASSETCATALOG_COMPILER_GENERATE_SWIFT_ASSET_SYMBOL_EXTENSIONS = YES;
				CLANG_ANALYZER_NONNULL = YES;
				CLANG_ANALYZER_NUMBER_OBJECT_CONVERSION = YES_AGGRESSIVE;
				CLANG_CXX_LANGUAGE_STANDARD = "gnu++20";
				CLANG_ENABLE_MODULES = YES;
				CLANG_ENABLE_OBJC_ARC = YES;
				CLANG_ENABLE_OBJC_WEAK = YES;
				CLANG_WARN_BLOCK_CAPTURE_AUTORELEASING = YES;
				CLANG_WARN_BOOL_CONVERSION = YES;
				CLANG_WARN_COMMA = YES;
				CLANG_WARN_CONSTANT_CONVERSION = YES;
				CLANG_WARN_DEPRECATED_OBJC_IMPLEMENTATIONS = YES;
				CLANG_WARN_DIRECT_OBJC_ISA_USAGE = YES_ERROR;
				CLANG_WARN_DOCUMENTATION_COMMENTS = YES;
				CLANG_WARN_EMPTY_BODY = YES;
				CLANG_WARN_ENUM_CONVERSION = YES;
				CLANG_WARN_INFINITE_RECURSION = YES;
				CLANG_WARN_INT_CONVERSION = YES;
				CLANG_WARN_NON_LITERAL_NULL_CONVERSION = YES;
				CLANG_WARN_OBJC_IMPLICIT_RETAIN_SELF = YES;
				CLANG_WARN_OBJC_LITERAL_CONVERSION = YES;
				CLANG_WARN_OBJC_ROOT_CLASS = YES_ERROR;
				CLANG_WARN_QUOTED_INCLUDE_IN_FRAMEWORK_HEADER = YES;
				CLANG_WARN_RANGE_LOOP_ANALYSIS = YES;
				CLANG_WARN_STRICT_PROTOTYPES = YES;
				CLANG_WARN_SUSPICIOUS_MOVE = YES;
				CLANG_WARN_UNGUARDED_AVAILABILITY = YES_AGGRESSIVE;
				CLANG_WARN_UNREACHABLE_CODE = YES;
				CLANG_WARN__DUPLICATE_METHOD_MATCH = YES;
				COPY_PHASE_STRIP = NO;
				DEBUG_INFORMATION_FORMAT = "dwarf-with-dsym";
				ENABLE_NS_ASSERTIONS = NO;
				ENABLE_STRICT_OBJC_MSGSEND = YES;
				ENABLE_USER_SCRIPT_SANDBOXING = NO;
				GCC_C_LANGUAGE_STANDARD = gnu17;
				GCC_NO_COMMON_BLOCKS = YES;
				GCC_WARN_64_TO_32_BIT_CONVERSION = YES;
				GCC_WARN_ABOUT_RETURN_TYPE = YES_ERROR;
				GCC_WARN_UNDECLARED_SELECTOR = YES;
				GCC_WARN_UNINITIALIZED_AUTOS = YES_AGGRESSIVE;
				GCC_WARN_UNUSED_FUNCTION = YES;
				GCC_WARN_UNUSED_VARIABLE = YES;
				IPHONEOS_DEPLOYMENT_TARGET = 17.2;
				LOCALIZATION_PREFERS_STRING_CATALOGS = YES;
				MTL_ENABLE_DEBUG_INFO = NO;
				MTL_FAST_MATH = YES;
				SDKROOT = iphoneos;
				SWIFT_COMPILATION_MODE = wholemodule;
				VALIDATE_PRODUCT = YES;
			};
			name = Release;
		};
		0EB1B92A2C219E9500B1D046 /* Debug */ = {
			isa = XCBuildConfiguration;
			baseConfigurationReference = A17D50CB73CA0526F4542738 /* Pods-MockAppStore.debug.xcconfig */;
			buildSettings = {
				ASSETCATALOG_COMPILER_APPICON_NAME = AppIcon;
				ASSETCATALOG_COMPILER_GLOBAL_ACCENT_COLOR_NAME = AccentColor;
				CODE_SIGN_STYLE = Automatic;
				CURRENT_PROJECT_VERSION = 1;
				DEVELOPMENT_TEAM = A79VBQ2875;
				ENABLE_USER_SCRIPT_SANDBOXING = NO;
				GENERATE_INFOPLIST_FILE = YES;
				INFOPLIST_FILE = MockAppStore/Info.plist;
				INFOPLIST_KEY_UIApplicationSupportsIndirectInputEvents = YES;
				INFOPLIST_KEY_UILaunchStoryboardName = LaunchScreen;
				INFOPLIST_KEY_UIMainStoryboardFile = Main;
				INFOPLIST_KEY_UISupportedInterfaceOrientations_iPad = "UIInterfaceOrientationPortrait UIInterfaceOrientationPortraitUpsideDown UIInterfaceOrientationLandscapeLeft UIInterfaceOrientationLandscapeRight";
				INFOPLIST_KEY_UISupportedInterfaceOrientations_iPhone = "UIInterfaceOrientationPortrait UIInterfaceOrientationLandscapeLeft UIInterfaceOrientationLandscapeRight";
				LD_RUNPATH_SEARCH_PATHS = (
					"$(inherited)",
					"@executable_path/Frameworks",
				);
				MARKETING_VERSION = 1.0;
				PRODUCT_BUNDLE_IDENTIFIER = NaiYingShih.MockAppStore;
				PRODUCT_NAME = "$(TARGET_NAME)";
				SWIFT_EMIT_LOC_STRINGS = YES;
				SWIFT_VERSION = 5.0;
				TARGETED_DEVICE_FAMILY = "1,2";
			};
			name = Debug;
		};
		0EB1B92B2C219E9500B1D046 /* Release */ = {
			isa = XCBuildConfiguration;
			baseConfigurationReference = 47AFA0499D23063577914180 /* Pods-MockAppStore.release.xcconfig */;
			buildSettings = {
				ASSETCATALOG_COMPILER_APPICON_NAME = AppIcon;
				ASSETCATALOG_COMPILER_GLOBAL_ACCENT_COLOR_NAME = AccentColor;
				CODE_SIGN_STYLE = Automatic;
				CURRENT_PROJECT_VERSION = 1;
				DEVELOPMENT_TEAM = A79VBQ2875;
				ENABLE_USER_SCRIPT_SANDBOXING = NO;
				GENERATE_INFOPLIST_FILE = YES;
				INFOPLIST_FILE = MockAppStore/Info.plist;
				INFOPLIST_KEY_UIApplicationSupportsIndirectInputEvents = YES;
				INFOPLIST_KEY_UILaunchStoryboardName = LaunchScreen;
				INFOPLIST_KEY_UIMainStoryboardFile = Main;
				INFOPLIST_KEY_UISupportedInterfaceOrientations_iPad = "UIInterfaceOrientationPortrait UIInterfaceOrientationPortraitUpsideDown UIInterfaceOrientationLandscapeLeft UIInterfaceOrientationLandscapeRight";
				INFOPLIST_KEY_UISupportedInterfaceOrientations_iPhone = "UIInterfaceOrientationPortrait UIInterfaceOrientationLandscapeLeft UIInterfaceOrientationLandscapeRight";
				LD_RUNPATH_SEARCH_PATHS = (
					"$(inherited)",
					"@executable_path/Frameworks",
				);
				MARKETING_VERSION = 1.0;
				PRODUCT_BUNDLE_IDENTIFIER = NaiYingShih.MockAppStore;
				PRODUCT_NAME = "$(TARGET_NAME)";
				SWIFT_EMIT_LOC_STRINGS = YES;
				SWIFT_VERSION = 5.0;
				TARGETED_DEVICE_FAMILY = "1,2";
			};
			name = Release;
		};
/* End XCBuildConfiguration section */

/* Begin XCConfigurationList section */
		0EB1B9102C219E9400B1D046 /* Build configuration list for PBXProject "MockAppStore" */ = {
			isa = XCConfigurationList;
			buildConfigurations = (
				0EB1B9272C219E9500B1D046 /* Debug */,
				0EB1B9282C219E9500B1D046 /* Release */,
			);
			defaultConfigurationIsVisible = 0;
			defaultConfigurationName = Release;
		};
		0EB1B9292C219E9500B1D046 /* Build configuration list for PBXNativeTarget "MockAppStore" */ = {
			isa = XCConfigurationList;
			buildConfigurations = (
				0EB1B92A2C219E9500B1D046 /* Debug */,
				0EB1B92B2C219E9500B1D046 /* Release */,
			);
			defaultConfigurationIsVisible = 0;
			defaultConfigurationName = Release;
		};
/* End XCConfigurationList section */
	};
	rootObject = 0EB1B90D2C219E9400B1D046 /* Project object */;
}
